// !$*UTF8*$!
{
	archiveVersion = 1;
	classes = {
	};
	objectVersion = 46;
	objects = {

/* Begin PBXBuildFile section */
		0695A5911D81E54A00E61675 /* ItemDetailsVC.swift in Sources */ = {isa = PBXBuildFile; fileRef = 0695A5901D81E54A00E61675 /* ItemDetailsVC.swift */; };
		0695A5951D87284400E61675 /* CustomTextField.swift in Sources */ = {isa = PBXBuildFile; fileRef = 0695A5941D87284400E61675 /* CustomTextField.swift */; };
		06F757891D80818A00D77BCD /* AppDelegate.swift in Sources */ = {isa = PBXBuildFile; fileRef = 06F757881D80818A00D77BCD /* AppDelegate.swift */; };
		06F7578B1D80818A00D77BCD /* MainVC.swift in Sources */ = {isa = PBXBuildFile; fileRef = 06F7578A1D80818A00D77BCD /* MainVC.swift */; };
		06F7578E1D80818A00D77BCD /* Main.storyboard in Resources */ = {isa = PBXBuildFile; fileRef = 06F7578C1D80818A00D77BCD /* Main.storyboard */; };
		06F757911D80818A00D77BCD /* DreamLister.xcdatamodeld in Sources */ = {isa = PBXBuildFile; fileRef = 06F7578F1D80818A00D77BCD /* DreamLister.xcdatamodeld */; };
		06F757931D80818A00D77BCD /* Assets.xcassets in Resources */ = {isa = PBXBuildFile; fileRef = 06F757921D80818A00D77BCD /* Assets.xcassets */; };
		06F757961D80818A00D77BCD /* LaunchScreen.storyboard in Resources */ = {isa = PBXBuildFile; fileRef = 06F757941D80818A00D77BCD /* LaunchScreen.storyboard */; };
		06F757B71D8087F500D77BCD /* Item+CoreDataClass.swift in Sources */ = {isa = PBXBuildFile; fileRef = 06F757AF1D8087F500D77BCD /* Item+CoreDataClass.swift */; };
		06F757B81D8087F500D77BCD /* Item+CoreDataProperties.swift in Sources */ = {isa = PBXBuildFile; fileRef = 06F757B01D8087F500D77BCD /* Item+CoreDataProperties.swift */; };
		06F757B91D8087F500D77BCD /* ItemType+CoreDataClass.swift in Sources */ = {isa = PBXBuildFile; fileRef = 06F757B11D8087F500D77BCD /* ItemType+CoreDataClass.swift */; };
		06F757BA1D8087F500D77BCD /* ItemType+CoreDataProperties.swift in Sources */ = {isa = PBXBuildFile; fileRef = 06F757B21D8087F500D77BCD /* ItemType+CoreDataProperties.swift */; };
		06F757BB1D8087F500D77BCD /* Image+CoreDataClass.swift in Sources */ = {isa = PBXBuildFile; fileRef = 06F757B31D8087F500D77BCD /* Image+CoreDataClass.swift */; };
		06F757BC1D8087F500D77BCD /* Image+CoreDataProperties.swift in Sources */ = {isa = PBXBuildFile; fileRef = 06F757B41D8087F500D77BCD /* Image+CoreDataProperties.swift */; };
		06F757BD1D8087F500D77BCD /* Store+CoreDataClass.swift in Sources */ = {isa = PBXBuildFile; fileRef = 06F757B51D8087F500D77BCD /* Store+CoreDataClass.swift */; };
		06F757BE1D8087F500D77BCD /* Store+CoreDataProperties.swift in Sources */ = {isa = PBXBuildFile; fileRef = 06F757B61D8087F500D77BCD /* Store+CoreDataProperties.swift */; };
		06F757C11D808FAC00D77BCD /* MaterialView.swift in Sources */ = {isa = PBXBuildFile; fileRef = 06F757C01D808FAC00D77BCD /* MaterialView.swift */; };
		06F757C31D80929D00D77BCD /* ItemCell.swift in Sources */ = {isa = PBXBuildFile; fileRef = 06F757C21D80929D00D77BCD /* ItemCell.swift */; };
/* End PBXBuildFile section */

/* Begin PBXFileReference section */
		0695A5901D81E54A00E61675 /* ItemDetailsVC.swift */ = {isa = PBXFileReference; fileEncoding = 4; lastKnownFileType = sourcecode.swift; path = ItemDetailsVC.swift; sourceTree = "<group>"; };
		0695A5941D87284400E61675 /* CustomTextField.swift */ = {isa = PBXFileReference; fileEncoding = 4; lastKnownFileType = sourcecode.swift; path = CustomTextField.swift; sourceTree = "<group>"; };
		06F757851D80818A00D77BCD /* DreamLister.app */ = {isa = PBXFileReference; explicitFileType = wrapper.application; includeInIndex = 0; path = DreamLister.app; sourceTree = BUILT_PRODUCTS_DIR; };
		06F757881D80818A00D77BCD /* AppDelegate.swift */ = {isa = PBXFileReference; lastKnownFileType = sourcecode.swift; path = AppDelegate.swift; sourceTree = "<group>"; };
		06F7578A1D80818A00D77BCD /* MainVC.swift */ = {isa = PBXFileReference; lastKnownFileType = sourcecode.swift; path = MainVC.swift; sourceTree = "<group>"; };
		06F7578D1D80818A00D77BCD /* Base */ = {isa = PBXFileReference; lastKnownFileType = file.storyboard; name = Base; path = Base.lproj/Main.storyboard; sourceTree = "<group>"; };
		06F757901D80818A00D77BCD /* DreamLister.xcdatamodel */ = {isa = PBXFileReference; lastKnownFileType = wrapper.xcdatamodel; path = DreamLister.xcdatamodel; sourceTree = "<group>"; };
		06F757921D80818A00D77BCD /* Assets.xcassets */ = {isa = PBXFileReference; lastKnownFileType = folder.assetcatalog; path = Assets.xcassets; sourceTree = "<group>"; };
		06F757951D80818A00D77BCD /* Base */ = {isa = PBXFileReference; lastKnownFileType = file.storyboard; name = Base; path = Base.lproj/LaunchScreen.storyboard; sourceTree = "<group>"; };
		06F757971D80818A00D77BCD /* Info.plist */ = {isa = PBXFileReference; lastKnownFileType = text.plist.xml; path = Info.plist; sourceTree = "<group>"; };
		06F757AF1D8087F500D77BCD /* Item+CoreDataClass.swift */ = {isa = PBXFileReference; fileEncoding = 4; lastKnownFileType = sourcecode.swift; path = "Item+CoreDataClass.swift"; sourceTree = "<group>"; };
		06F757B01D8087F500D77BCD /* Item+CoreDataProperties.swift */ = {isa = PBXFileReference; fileEncoding = 4; lastKnownFileType = sourcecode.swift; path = "Item+CoreDataProperties.swift"; sourceTree = "<group>"; };
		06F757B11D8087F500D77BCD /* ItemType+CoreDataClass.swift */ = {isa = PBXFileReference; fileEncoding = 4; lastKnownFileType = sourcecode.swift; path = "ItemType+CoreDataClass.swift"; sourceTree = "<group>"; };
		06F757B21D8087F500D77BCD /* ItemType+CoreDataProperties.swift */ = {isa = PBXFileReference; fileEncoding = 4; lastKnownFileType = sourcecode.swift; path = "ItemType+CoreDataProperties.swift"; sourceTree = "<group>"; };
		06F757B31D8087F500D77BCD /* Image+CoreDataClass.swift */ = {isa = PBXFileReference; fileEncoding = 4; lastKnownFileType = sourcecode.swift; path = "Image+CoreDataClass.swift"; sourceTree = "<group>"; };
		06F757B41D8087F500D77BCD /* Image+CoreDataProperties.swift */ = {isa = PBXFileReference; fileEncoding = 4; lastKnownFileType = sourcecode.swift; path = "Image+CoreDataProperties.swift"; sourceTree = "<group>"; };
		06F757B51D8087F500D77BCD /* Store+CoreDataClass.swift */ = {isa = PBXFileReference; fileEncoding = 4; lastKnownFileType = sourcecode.swift; path = "Store+CoreDataClass.swift"; sourceTree = "<group>"; };
		06F757B61D8087F500D77BCD /* Store+CoreDataProperties.swift */ = {isa = PBXFileReference; fileEncoding = 4; lastKnownFileType = sourcecode.swift; path = "Store+CoreDataProperties.swift"; sourceTree = "<group>"; };
		06F757C01D808FAC00D77BCD /* MaterialView.swift */ = {isa = PBXFileReference; fileEncoding = 4; lastKnownFileType = sourcecode.swift; path = MaterialView.swift; sourceTree = "<group>"; };
		06F757C21D80929D00D77BCD /* ItemCell.swift */ = {isa = PBXFileReference; fileEncoding = 4; lastKnownFileType = sourcecode.swift; path = ItemCell.swift; sourceTree = "<group>"; };
/* End PBXFileReference section */

/* Begin PBXFrameworksBuildPhase section */
		06F757821D80818900D77BCD /* Frameworks */ = {
			isa = PBXFrameworksBuildPhase;
			buildActionMask = 2147483647;
			files = (
			);
			runOnlyForDeploymentPostprocessing = 0;
		};
/* End PBXFrameworksBuildPhase section */

/* Begin PBXGroup section */
		0695A58F1D81E50900E61675 /* Controller */ = {
			isa = PBXGroup;
			children = (
				06F7578A1D80818A00D77BCD /* MainVC.swift */,
				0695A5901D81E54A00E61675 /* ItemDetailsVC.swift */,
			);
			name = Controller;
			sourceTree = "<group>";
		};
		06F7577C1D80818900D77BCD = {
			isa = PBXGroup;
			children = (
				06F757871D80818A00D77BCD /* DreamLister */,
				06F757861D80818A00D77BCD /* Products */,
			);
			sourceTree = "<group>";
		};
		06F757861D80818A00D77BCD /* Products */ = {
			isa = PBXGroup;
			children = (
				06F757851D80818A00D77BCD /* DreamLister.app */,
			);
			name = Products;
			sourceTree = "<group>";
		};
		06F757871D80818A00D77BCD /* DreamLister */ = {
			isa = PBXGroup;
			children = (
				06F757BF1D808F8400D77BCD /* View */,
				06F757AD1D8086C600D77BCD /* Model */,
				0695A58F1D81E50900E61675 /* Controller */,
				06F757881D80818A00D77BCD /* AppDelegate.swift */,
				06F7578C1D80818A00D77BCD /* Main.storyboard */,
				06F757921D80818A00D77BCD /* Assets.xcassets */,
				06F757941D80818A00D77BCD /* LaunchScreen.storyboard */,
				06F757971D80818A00D77BCD /* Info.plist */,
				06F7578F1D80818A00D77BCD /* DreamLister.xcdatamodeld */,
			);
			path = DreamLister;
			sourceTree = "<group>";
		};
		06F757AD1D8086C600D77BCD /* Model */ = {
			isa = PBXGroup;
			children = (
				06F757AF1D8087F500D77BCD /* Item+CoreDataClass.swift */,
				06F757B11D8087F500D77BCD /* ItemType+CoreDataClass.swift */,
				06F757B31D8087F500D77BCD /* Image+CoreDataClass.swift */,
				06F757B51D8087F500D77BCD /* Store+CoreDataClass.swift */,
				06F757AE1D8086CC00D77BCD /* Generated */,
			);
			name = Model;
			sourceTree = "<group>";
		};
		06F757AE1D8086CC00D77BCD /* Generated */ = {
			isa = PBXGroup;
			children = (
				06F757B01D8087F500D77BCD /* Item+CoreDataProperties.swift */,
				06F757B21D8087F500D77BCD /* ItemType+CoreDataProperties.swift */,
				06F757B41D8087F500D77BCD /* Image+CoreDataProperties.swift */,
				06F757B61D8087F500D77BCD /* Store+CoreDataProperties.swift */,
			);
			name = Generated;
			sourceTree = "<group>";
		};
		06F757BF1D808F8400D77BCD /* View */ = {
			isa = PBXGroup;
			children = (
				06F757C01D808FAC00D77BCD /* MaterialView.swift */,
				06F757C21D80929D00D77BCD /* ItemCell.swift */,
				0695A5941D87284400E61675 /* CustomTextField.swift */,
			);
			name = View;
			sourceTree = "<group>";
		};
/* End PBXGroup section */

/* Begin PBXNativeTarget section */
		06F757841D80818900D77BCD /* DreamLister */ = {
			isa = PBXNativeTarget;
			buildConfigurationList = 06F7579A1D80818A00D77BCD /* Build configuration list for PBXNativeTarget "DreamLister" */;
			buildPhases = (
				06F757811D80818900D77BCD /* Sources */,
				06F757821D80818900D77BCD /* Frameworks */,
				06F757831D80818900D77BCD /* Resources */,
			);
			buildRules = (
			);
			dependencies = (
			);
			name = DreamLister;
			productName = DreamLister;
			productReference = 06F757851D80818A00D77BCD /* DreamLister.app */;
			productType = "com.apple.product-type.application";
		};
/* End PBXNativeTarget section */

/* Begin PBXProject section */
		06F7577D1D80818900D77BCD /* Project object */ = {
			isa = PBXProject;
			attributes = {
				LastSwiftUpdateCheck = 0800;
				LastUpgradeCheck = 0800;
				ORGANIZATIONNAME = "Bradley Rubin";
				TargetAttributes = {
					06F757841D80818900D77BCD = {
						CreatedOnToolsVersion = 8.0;
						DevelopmentTeam = D34H4ZW3AV;
						ProvisioningStyle = Automatic;
					};
				};
			};
			buildConfigurationList = 06F757801D80818900D77BCD /* Build configuration list for PBXProject "DreamLister" */;
			compatibilityVersion = "Xcode 3.2";
			developmentRegion = English;
			hasScannedForEncodings = 0;
			knownRegions = (
				en,
				Base,
			);
			mainGroup = 06F7577C1D80818900D77BCD;
			productRefGroup = 06F757861D80818A00D77BCD /* Products */;
			projectDirPath = "";
			projectRoot = "";
			targets = (
				06F757841D80818900D77BCD /* DreamLister */,
			);
		};
/* End PBXProject section */

/* Begin PBXResourcesBuildPhase section */
		06F757831D80818900D77BCD /* Resources */ = {
			isa = PBXResourcesBuildPhase;
			buildActionMask = 2147483647;
			files = (
				06F757961D80818A00D77BCD /* LaunchScreen.storyboard in Resources */,
				06F757931D80818A00D77BCD /* Assets.xcassets in Resources */,
				06F7578E1D80818A00D77BCD /* Main.storyboard in Resources */,
			);
			runOnlyForDeploymentPostprocessing = 0;
		};
/* End PBXResourcesBuildPhase section */

/* Begin PBXSourcesBuildPhase section */
		06F757811D80818900D77BCD /* Sources */ = {
			isa = PBXSourcesBuildPhase;
			buildActionMask = 2147483647;
			files = (
				06F757C31D80929D00D77BCD /* ItemCell.swift in Sources */,
				06F757BC1D8087F500D77BCD /* Image+CoreDataProperties.swift in Sources */,
				06F757B91D8087F500D77BCD /* ItemType+CoreDataClass.swift in Sources */,
				06F7578B1D80818A00D77BCD /* MainVC.swift in Sources */,
				06F757C11D808FAC00D77BCD /* MaterialView.swift in Sources */,
				06F757891D80818A00D77BCD /* AppDelegate.swift in Sources */,
				06F757BE1D8087F500D77BCD /* Store+CoreDataProperties.swift in Sources */,
				06F757BB1D8087F500D77BCD /* Image+CoreDataClass.swift in Sources */,
				0695A5911D81E54A00E61675 /* ItemDetailsVC.swift in Sources */,
				06F757B71D8087F500D77BCD /* Item+CoreDataClass.swift in Sources */,
				06F757911D80818A00D77BCD /* DreamLister.xcdatamodeld in Sources */,
				06F757BD1D8087F500D77BCD /* Store+CoreDataClass.swift in Sources */,
				06F757BA1D8087F500D77BCD /* ItemType+CoreDataProperties.swift in Sources */,
				06F757B81D8087F500D77BCD /* Item+CoreDataProperties.swift in Sources */,
				0695A5951D87284400E61675 /* CustomTextField.swift in Sources */,
			);
			runOnlyForDeploymentPostprocessing = 0;
		};
/* End PBXSourcesBuildPhase section */

/* Begin PBXVariantGroup section */
		06F7578C1D80818A00D77BCD /* Main.storyboard */ = {
			isa = PBXVariantGroup;
			children = (
				06F7578D1D80818A00D77BCD /* Base */,
			);
			name = Main.storyboard;
			sourceTree = "<group>";
		};
		06F757941D80818A00D77BCD /* LaunchScreen.storyboard */ = {
			isa = PBXVariantGroup;
			children = (
				06F757951D80818A00D77BCD /* Base */,
			);
			name = LaunchScreen.storyboard;
			sourceTree = "<group>";
		};
/* End PBXVariantGroup section */

/* Begin XCBuildConfiguration section */
		06F757981D80818A00D77BCD /* Debug */ = {
			isa = XCBuildConfiguration;
			buildSettings = {
				ALWAYS_SEARCH_USER_PATHS = NO;
				CLANG_ANALYZER_NONNULL = YES;
				CLANG_CXX_LANGUAGE_STANDARD = "gnu++0x";
				CLANG_CXX_LIBRARY = "libc++";
				CLANG_ENABLE_MODULES = YES;
				CLANG_ENABLE_OBJC_ARC = YES;
				CLANG_WARN_BOOL_CONVERSION = YES;
				CLANG_WARN_CONSTANT_CONVERSION = YES;
				CLANG_WARN_DIRECT_OBJC_ISA_USAGE = YES_ERROR;
				CLANG_WARN_DOCUMENTATION_COMMENTS = YES;
				CLANG_WARN_EMPTY_BODY = YES;
				CLANG_WARN_ENUM_CONVERSION = YES;
				CLANG_WARN_INFINITE_RECURSION = YES;
				CLANG_WARN_INT_CONVERSION = YES;
				CLANG_WARN_OBJC_ROOT_CLASS = YES_ERROR;
				CLANG_WARN_SUSPICIOUS_MOVES = YES;
				CLANG_WARN_UNREACHABLE_CODE = YES;
				CLANG_WARN__DUPLICATE_METHOD_MATCH = YES;
				"CODE_SIGN_IDENTITY[sdk=iphoneos*]" = "iPhone Developer";
				COPY_PHASE_STRIP = NO;
				DEBUG_INFORMATION_FORMAT = dwarf;
				ENABLE_STRICT_OBJC_MSGSEND = YES;
				ENABLE_TESTABILITY = YES;
				GCC_C_LANGUAGE_STANDARD = gnu99;
				GCC_DYNAMIC_NO_PIC = NO;
				GCC_NO_COMMON_BLOCKS = YES;
				GCC_OPTIMIZATION_LEVEL = 0;
				GCC_PREPROCESSOR_DEFINITIONS = (
					"DEBUG=1",
					"$(inherited)",
				);
				GCC_WARN_64_TO_32_BIT_CONVERSION = YES;
				GCC_WARN_ABOUT_RETURN_TYPE = YES_ERROR;
				GCC_WARN_UNDECLARED_SELECTOR = YES;
				GCC_WARN_UNINITIALIZED_AUTOS = YES_AGGRESSIVE;
				GCC_WARN_UNUSED_FUNCTION = YES;
				GCC_WARN_UNUSED_VARIABLE = YES;
				IPHONEOS_DEPLOYMENT_TARGET = 10.0;
				MTL_ENABLE_DEBUG_INFO = YES;
				ONLY_ACTIVE_ARCH = YES;
				SDKROOT = iphoneos;
				SWIFT_ACTIVE_COMPILATION_CONDITIONS = DEBUG;
				SWIFT_OPTIMIZATION_LEVEL = "-Onone";
				TARGETED_DEVICE_FAMILY = "1,2";
			};
			name = Debug;
		};
		06F757991D80818A00D77BCD /* Release */ = {
			isa = XCBuildConfiguration;
			buildSettings = {
				ALWAYS_SEARCH_USER_PATHS = NO;
				CLANG_ANALYZER_NONNULL = YES;
				CLANG_CXX_LANGUAGE_STANDARD = "gnu++0x";
				CLANG_CXX_LIBRARY = "libc++";
				CLANG_ENABLE_MODULES = YES;
				CLANG_ENABLE_OBJC_ARC = YES;
				CLANG_WARN_BOOL_CONVERSION = YES;
				CLANG_WARN_CONSTANT_CONVERSION = YES;
				CLANG_WARN_DIRECT_OBJC_ISA_USAGE = YES_ERROR;
				CLANG_WARN_DOCUMENTATION_COMMENTS = YES;
				CLANG_WARN_EMPTY_BODY = YES;
				CLANG_WARN_ENUM_CONVERSION = YES;
				CLANG_WARN_INFINITE_RECURSION = YES;
				CLANG_WARN_INT_CONVERSION = YES;
				CLANG_WARN_OBJC_ROOT_CLASS = YES_ERROR;
				CLANG_WARN_SUSPICIOUS_MOVES = YES;
				CLANG_WARN_UNREACHABLE_CODE = YES;
				CLANG_WARN__DUPLICATE_METHOD_MATCH = YES;
				"CODE_SIGN_IDENTITY[sdk=iphoneos*]" = "iPhone Developer";
				COPY_PHASE_STRIP = NO;
				DEBUG_INFORMATION_FORMAT = "dwarf-with-dsym";
				ENABLE_NS_ASSERTIONS = NO;
				ENABLE_STRICT_OBJC_MSGSEND = YES;
				GCC_C_LANGUAGE_STANDARD = gnu99;
				GCC_NO_COMMON_BLOCKS = YES;
				GCC_WARN_64_TO_32_BIT_CONVERSION = YES;
				GCC_WARN_ABOUT_RETURN_TYPE = YES_ERROR;
				GCC_WARN_UNDECLARED_SELECTOR = YES;
				GCC_WARN_UNINITIALIZED_AUTOS = YES_AGGRESSIVE;
				GCC_WARN_UNUSED_FUNCTION = YES;
				GCC_WARN_UNUSED_VARIABLE = YES;
				IPHONEOS_DEPLOYMENT_TARGET = 10.0;
				MTL_ENABLE_DEBUG_INFO = NO;
				SDKROOT = iphoneos;
				SWIFT_OPTIMIZATION_LEVEL = "-Owholemodule";
				TARGETED_DEVICE_FAMILY = "1,2";
				VALIDATE_PRODUCT = YES;
			};
			name = Release;
		};
		06F7579B1D80818A00D77BCD /* Debug */ = {
			isa = XCBuildConfiguration;
			buildSettings = {
				ASSETCATALOG_COMPILER_APPICON_NAME = AppIcon;
				DEVELOPMENT_TEAM = D34H4ZW3AV;
				INFOPLIST_FILE = DreamLister/Info.plist;
				LD_RUNPATH_SEARCH_PATHS = "$(inherited) @executable_path/Frameworks";
				PRODUCT_BUNDLE_IDENTIFIER = com.BradleyRubin.DreamLister;
				PRODUCT_NAME = "$(TARGET_NAME)";
				SWIFT_VERSION = 3.0;
			};
			name = Debug;
		};
		06F7579C1D80818A00D77BCD /* Release */ = {
			isa = XCBuildConfiguration;
			buildSettings = {
				ASSETCATALOG_COMPILER_APPICON_NAME = AppIcon;
				DEVELOPMENT_TEAM = D34H4ZW3AV;
				INFOPLIST_FILE = DreamLister/Info.plist;
				LD_RUNPATH_SEARCH_PATHS = "$(inherited) @executable_path/Frameworks";
				PRODUCT_BUNDLE_IDENTIFIER = com.BradleyRubin.DreamLister;
				PRODUCT_NAME = "$(TARGET_NAME)";
				SWIFT_VERSION = 3.0;
			};
			name = Release;
		};
/* End XCBuildConfiguration section */

/* Begin XCConfigurationList section */
		06F757801D80818900D77BCD /* Build configuration list for PBXProject "DreamLister" */ = {
			isa = XCConfigurationList;
			buildConfigurations = (
				06F757981D80818A00D77BCD /* Debug */,
				06F757991D80818A00D77BCD /* Release */,
			);
			defaultConfigurationIsVisible = 0;
			defaultConfigurationName = Release;
		};
		06F7579A1D80818A00D77BCD /* Build configuration list for PBXNativeTarget "DreamLister" */ = {
			isa = XCConfigurationList;
			buildConfigurations = (
				06F7579B1D80818A00D77BCD /* Debug */,
				06F7579C1D80818A00D77BCD /* Release */,
			);
			defaultConfigurationIsVisible = 0;
			defaultConfigurationName = Release;
		};
/* End XCConfigurationList section */

/* Begin XCVersionGroup section */
		06F7578F1D80818A00D77BCD /* DreamLister.xcdatamodeld */ = {
			isa = XCVersionGroup;
			children = (
				06F757901D80818A00D77BCD /* DreamLister.xcdatamodel */,
			);
			currentVersion = 06F757901D80818A00D77BCD /* DreamLister.xcdatamodel */;
			path = DreamLister.xcdatamodeld;
			sourceTree = "<group>";
			versionGroupType = wrapper.xcdatamodel;
		};
/* End XCVersionGroup section */
	};
	rootObject = 06F7577D1D80818900D77BCD /* Project object */;
}
